{
  "version": 4,
  "terraform_version": "0.12.24",
  "serial": 4,
  "lineage": "fd8362a7-59d9-aadc-11ef-f422692325a0",
  "outputs": {},
  "resources": [
    {
      "module": "module.gke_tamplate",
      "mode": "data",
      "type": "google_client_config",
      "name": "default",
      "provider": "module.gke_tamplate.provider.google",
      "instances": [
        {
          "schema_version": 0,
          "attributes": {
            "access_token": "ya29.c.KpYBxwfxEaOO8SrE8fZ1A32X4YKBIBc4SgFIzbUFkrxHqC4PqJJbnzpSGIRcJqmUVpnMQrh3J666U-Q70JWLjdiTNyir1tzdIuiyKWgKshnUIn3SiArCj1A6xyFnaIp42XWKNbwRPTiplpTH1M4vvWhVOSWcZZQhXGSiQGKZ2nfdMXZPghsGOCQc0kIWu_2eb_0p61RjA4PU",
            "id": "2020-04-20 10:08:27.835751249 +0000 UTC",
            "project": "demo2-273713",
            "region": "us-east4",
            "zone": ""
          }
        }
      ]
    },
    {
      "module": "module.gke_tamplate",
      "mode": "managed",
      "type": "google_container_cluster",
      "name": "gke_cluster",
      "provider": "module.gke_tamplate.provider.google-beta",
      "instances": [
        {
          "schema_version": 1,
          "attributes": {
            "additional_zones": [],
            "addons_config": [
              {
                "cloudrun_config": [],
                "dns_cache_config": [],
                "horizontal_pod_autoscaling": [],
                "http_load_balancing": [
                  {
                    "disabled": false
                  }
                ],
                "istio_config": [
                  {
                    "auth": "",
                    "disabled": true
                  }
                ],
                "kubernetes_dashboard": [],
                "network_policy_config": [
                  {
                    "disabled": true
                  }
                ]
              }
            ],
            "authenticator_groups_config": [],
            "cluster_autoscaling": [
              {
                "auto_provisioning_defaults": [],
                "autoscaling_profile": "BALANCED",
                "enabled": false,
                "resource_limits": []
              }
            ],
            "cluster_ipv4_cidr": "10.44.0.0/14",
            "database_encryption": [
              {
                "key_name": "",
                "state": "DECRYPTED"
              }
            ],
            "default_max_pods_per_node": 110,
            "description": "",
            "enable_binary_authorization": false,
            "enable_intranode_visibility": false,
            "enable_kubernetes_alpha": false,
            "enable_legacy_abac": false,
            "enable_shielded_nodes": false,
            "enable_tpu": false,
            "endpoint": "35.245.192.199",
            "id": "projects/demo2-273713/locations/us-east4/clusters/lowes-cluster1",
            "initial_node_count": 1,
            "instance_group_urls": [],
            "ip_allocation_policy": [],
            "label_fingerprint": "a9dc16a7",
            "location": "us-east4",
            "logging_service": "logging.googleapis.com/kubernetes",
            "maintenance_policy": [],
            "master_auth": [
              {
                "client_certificate": "",
                "client_certificate_config": [
                  {
                    "issue_client_certificate": false
                  }
                ],
                "client_key": "",
                "cluster_ca_certificate": "LS0tLS1CRUdJTiBDRVJUSUZJQ0FURS0tLS0tCk1JSURERENDQWZTZ0F3SUJBZ0lSQUtjZkNZTmpDVlI1RHZTSTczeDFOeTR3RFFZSktvWklodmNOQVFFTEJRQXcKTHpFdE1Dc0dBMVVFQXhNa00ySTNPVEExWXpjdE5HSTVOQzAwTmprMkxXRmxZall0TTJFNU5HWTNOakEyT1RVMApNQjRYRFRJd01EUXlNREE1TURnME1Wb1hEVEkxTURReE9URXdNRGcwTVZvd0x6RXRNQ3NHQTFVRUF4TWtNMkkzCk9UQTFZemN0TkdJNU5DMDBOamsyTFdGbFlqWXRNMkU1TkdZM05qQTJPVFUwTUlJQklqQU5CZ2txaGtpRzl3MEIKQVFFRkFBT0NBUThBTUlJQkNnS0NBUUVBeEw5bzFoUnBodGg1UEg0TXRMREY0MHIzSGxpbG1FeGw1TXZUNUNBVQpUUVBTRGRMZmRyVU9EK0g1SHczVzBQRFE2a2RHRTBHdHNCYUh4VWwyZGgwNWRUSUlEbDFNTGV6TS8rU29OL3FSCnEvaDJqeE5DcmFiM3pHRDBkamw4ajlJUU52dG54bGVQeWkvSTUzRFRPS24rYTdZNWxKSFhhc0x0OUNNMXV6c2sKMlhyR05xZVJnV1pEaGVqbitHdnFkT29rT0F2SHdJUWw2bXBzd040ZHhOOUxsWFVMK2FveHZzeVI5M2FRNFBDVwpTMHpsSCtTTmpWaFJKT3IwWjEyOFdQWURMN0ZIaWhsT0RleVV3YUJ3Mi81UDVWVmFjOVJKbElmaEE0ZzVPQVp2Cmw3ckxTc0t4enR2TG5SUDVNbVQxR2ttV3NQdVFCMkJxRjZ3Y0JnbDNEZUhVaFFJREFRQUJveU13SVRBT0JnTlYKSFE4QkFmOEVCQU1DQWdRd0R3WURWUjBUQVFIL0JBVXdBd0VCL3pBTkJna3Foa2lHOXcwQkFRc0ZBQU9DQVFFQQpZcjRnT3JjUExISUZUZElvMzFaRlpqbXdzWjkzVy9zYzJzVkcrTzNhemhaWTIzRXNWNXIzcnBsSDFFZFc1dFhtCkpRRlpKUUQyalJHbU56bU5XT0VQakxUTytzU0pnbUJnYkd3OXllelUycXVnMm5HdGlSUVBMTEl3S2RiL0lPSXgKRS9jeUpDWEljcW1uVW9lc05tM0lDZjR5VGVxQ3kzWGVjdXhUR2g4SmpYSU1SZVB0Z2xiWnlyT3REQ1R0SjM4YwpHSitYNVZDRnJpeGV1cFp0QjRDaGdNa0NpQzR5L3dPY1REZnFXU2w1dG9JVzNQaEg5UHZPWStDRlI4N25oL2dJCmhyTGZjbUk5RDVDS1dwS2gxYXJUdEl6QnBCd1IzTjJzZVpkMGpMZU1qcmJLZE0weTI4TXIwcUtwak9CNC9oeUgKTzhpb0N6b2ozVWZkYTI1NGNBOU9Fdz09Ci0tLS0tRU5EIENFUlRJRklDQVRFLS0tLS0K",
                "password": "",
                "username": ""
              }
            ],
            "master_authorized_networks_config": [],
            "master_version": "1.15.11-gke.3",
            "min_master_version": "1.15.11-gke.3",
            "monitoring_service": "monitoring.googleapis.com/kubernetes",
            "name": "lowes-cluster1",
            "network": "projects/demo2-273713/global/networks/demo2-network",
            "network_policy": [
              {
                "enabled": false,
                "provider": "PROVIDER_UNSPECIFIED"
              }
            ],
            "node_config": [],
            "node_locations": [
              "us-east4-a",
              "us-east4-b",
              "us-east4-c"
            ],
            "node_pool": [],
            "node_version": "1.15.11-gke.3",
            "operation": null,
            "pod_security_policy_config": [],
            "private_cluster_config": [],
            "project": "demo2-273713",
            "region": null,
            "release_channel": [
              {
                "channel": "UNSPECIFIED"
              }
            ],
            "remove_default_node_pool": true,
            "resource_labels": null,
            "resource_usage_export_config": [],
            "services_ipv4_cidr": "10.47.240.0/20",
            "subnetwork": "projects/demo2-273713/regions/us-east4/subnetworks/demo2-subnetwork",
            "timeouts": null,
            "tpu_ipv4_cidr_block": "",
            "vertical_pod_autoscaling": [],
            "workload_identity_config": [],
            "zone": null
          },
          "private": "eyJlMmJmYjczMC1lY2FhLTExZTYtOGY4OC0zNDM2M2JjN2M0YzAiOnsiY3JlYXRlIjoyNDAwMDAwMDAwMDAwLCJkZWxldGUiOjI0MDAwMDAwMDAwMDAsInVwZGF0ZSI6MzYwMDAwMDAwMDAwMH0sInNjaGVtYV92ZXJzaW9uIjoiMSJ9"
        }
      ]
    },
    {
      "module": "module.gke_tamplate",
      "mode": "managed",
      "type": "google_container_node_pool",
      "name": "gke_node_pool",
      "provider": "module.gke_tamplate.provider.google-beta",
      "instances": [
        {
          "schema_version": 1,
          "attributes": {
            "autoscaling": [
              {
                "max_node_count": 2,
                "min_node_count": 1
              }
            ],
            "cluster": "lowes-cluster1",
            "id": "projects/demo2-273713/locations/us-east4/clusters/lowes-cluster1/nodePools/lowes-cluster1-node-pool",
            "initial_node_count": 1,
            "instance_group_urls": [
              "https://www.googleapis.com/compute/v1/projects/demo2-273713/zones/us-east4-c/instanceGroupManagers/gke-lowes-cluster1-lowes-cluster1-nod-df5cafa0-grp",
              "https://www.googleapis.com/compute/v1/projects/demo2-273713/zones/us-east4-a/instanceGroupManagers/gke-lowes-cluster1-lowes-cluster1-nod-b0cc33b2-grp",
              "https://www.googleapis.com/compute/v1/projects/demo2-273713/zones/us-east4-b/instanceGroupManagers/gke-lowes-cluster1-lowes-cluster1-nod-ef0323bf-grp"
            ],
            "location": "us-east4",
            "management": [
              {
                "auto_repair": true,
                "auto_upgrade": true
              }
            ],
            "max_pods_per_node": null,
            "name": "lowes-cluster1-node-pool",
            "name_prefix": "",
            "node_config": [
              {
                "boot_disk_kms_key": "",
                "disk_size_gb": 100,
                "disk_type": "pd-standard",
                "guest_accelerator": [],
                "image_type": "COS",
                "labels": {},
                "local_ssd_count": 0,
                "machine_type": "n1-standard-1",
                "metadata": {
                  "disable-legacy-endpoints": "true"
                },
                "min_cpu_platform": "",
                "oauth_scopes": [
                  "https://www.googleapis.com/auth/logging.write",
                  "https://www.googleapis.com/auth/monitoring"
                ],
                "preemptible": false,
                "sandbox_config": [],
                "service_account": "default",
                "shielded_instance_config": [
                  {
                    "enable_integrity_monitoring": true,
                    "enable_secure_boot": false
                  }
                ],
                "tags": null,
                "taint": [],
                "workload_metadata_config": []
              }
            ],
            "node_count": 1,
            "node_locations": [
              "us-east4-a",
              "us-east4-b",
              "us-east4-c"
            ],
            "project": "demo2-273713",
            "region": null,
            "timeouts": null,
            "upgrade_settings": null,
            "version": "1.15.11-gke.3",
            "zone": null
          },
          "private": "eyJlMmJmYjczMC1lY2FhLTExZTYtOGY4OC0zNDM2M2JjN2M0YzAiOnsiY3JlYXRlIjoxODAwMDAwMDAwMDAwLCJkZWxldGUiOjE4MDAwMDAwMDAwMDAsInVwZGF0ZSI6MTgwMDAwMDAwMDAwMH0sInNjaGVtYV92ZXJzaW9uIjoiMSJ9",
          "dependencies": [
            "module.gke_tamplate.google_container_cluster.gke_cluster"
          ]
        }
      ]
    },
    {
      "module": "module.gke_tamplate",
      "mode": "managed",
      "type": "kubernetes_namespace",
      "name": "default",
      "each": "list",
      "provider": "module.gke_tamplate.provider.kubernetes",
      "instances": []
    },
    {
      "module": "module.gke_tamplate",
      "mode": "managed",
      "type": "kubernetes_storage_class",
      "name": "ssd-disk",
      "provider": "module.gke_tamplate.provider.kubernetes",
      "instances": [
        {
          "schema_version": 0,
          "attributes": {
            "allow_volume_expansion": true,
            "id": "pd-ssd",
            "metadata": [
              {
                "annotations": null,
                "generate_name": "",
                "generation": 0,
                "labels": null,
                "name": "pd-ssd",
                "resource_version": "1755",
                "self_link": "/apis/storage.k8s.io/v1/storageclasses/pd-ssd",
                "uid": "01c2caa8-7a51-4f4a-8ac2-77c3eb81987e"
              }
            ],
            "mount_options": null,
            "parameters": {
              "type": "pd-ssd"
            },
            "reclaim_policy": "Delete",
            "storage_provisioner": "kubernetes.io/gce-pd",
            "volume_binding_mode": "Immediate"
          },
          "private": "bnVsbA==",
          "dependencies": [
            "module.gke_tamplate.google_container_cluster.gke_cluster"
          ]
        }
      ]
    }
  ]
}
